// !$*UTF8*$!
{
	archiveVersion = 1;
	classes = {
	};
	objectVersion = 46;
	objects = {

/* Begin PBXBuildFile section */
		A3B128371CAA18BB005FBCB9 /* main.m in Sources */ = {isa = PBXBuildFile; fileRef = A3B128361CAA18BB005FBCB9 /* main.m */; };
		A3B1283A1CAA18BB005FBCB9 /* AppDelegate.m in Sources */ = {isa = PBXBuildFile; fileRef = A3B128391CAA18BB005FBCB9 /* AppDelegate.m */; };
		A3B1283D1CAA18BB005FBCB9 /* MasterViewController.m in Sources */ = {isa = PBXBuildFile; fileRef = A3B1283C1CAA18BB005FBCB9 /* MasterViewController.m */; };
		A3B128401CAA18BB005FBCB9 /* DetailViewController.m in Sources */ = {isa = PBXBuildFile; fileRef = A3B1283F1CAA18BB005FBCB9 /* DetailViewController.m */; };
		A3B128431CAA18BB005FBCB9 /* Main.storyboard in Resources */ = {isa = PBXBuildFile; fileRef = A3B128411CAA18BB005FBCB9 /* Main.storyboard */; };
		A3B128451CAA18BB005FBCB9 /* Assets.xcassets in Resources */ = {isa = PBXBuildFile; fileRef = A3B128441CAA18BB005FBCB9 /* Assets.xcassets */; };
		A3B128481CAA18BB005FBCB9 /* LaunchScreen.storyboard in Resources */ = {isa = PBXBuildFile; fileRef = A3B128461CAA18BB005FBCB9 /* LaunchScreen.storyboard */; };
		A3B128531CAA18BC005FBCB9 /* mobile_testUITests.m in Sources */ = {isa = PBXBuildFile; fileRef = A3B128521CAA18BC005FBCB9 /* mobile_testUITests.m */; };
/* End PBXBuildFile section */

/* Begin PBXContainerItemProxy section */
		A3B1284F1CAA18BC005FBCB9 /* PBXContainerItemProxy */ = {
			isa = PBXContainerItemProxy;
			containerPortal = A3B1282A1CAA18BB005FBCB9 /* Project object */;
			proxyType = 1;
			remoteGlobalIDString = A3B128311CAA18BB005FBCB9;
			remoteInfo = mobile_test;
		};
/* End PBXContainerItemProxy section */

/* Begin PBXFileReference section */
		A3B128321CAA18BB005FBCB9 /* mobile_test.app */ = {isa = PBXFileReference; explicitFileType = wrapper.application; includeInIndex = 0; path = mobile_test.app; sourceTree = BUILT_PRODUCTS_DIR; };
		A3B128361CAA18BB005FBCB9 /* main.m */ = {isa = PBXFileReference; lastKnownFileType = sourcecode.c.objc; path = main.m; sourceTree = "<group>"; };
		A3B128381CAA18BB005FBCB9 /* AppDelegate.h */ = {isa = PBXFileReference; lastKnownFileType = sourcecode.c.h; path = AppDelegate.h; sourceTree = "<group>"; };
		A3B128391CAA18BB005FBCB9 /* AppDelegate.m */ = {isa = PBXFileReference; lastKnownFileType = sourcecode.c.objc; path = AppDelegate.m; sourceTree = "<group>"; };
		A3B1283B1CAA18BB005FBCB9 /* MasterViewController.h */ = {isa = PBXFileReference; lastKnownFileType = sourcecode.c.h; path = MasterViewController.h; sourceTree = "<group>"; };
		A3B1283C1CAA18BB005FBCB9 /* MasterViewController.m */ = {isa = PBXFileReference; lastKnownFileType = sourcecode.c.objc; path = MasterViewController.m; sourceTree = "<group>"; };
		A3B1283E1CAA18BB005FBCB9 /* DetailViewController.h */ = {isa = PBXFileReference; lastKnownFileType = sourcecode.c.h; path = DetailViewController.h; sourceTree = "<group>"; };
		A3B1283F1CAA18BB005FBCB9 /* DetailViewController.m */ = {isa = PBXFileReference; lastKnownFileType = sourcecode.c.objc; path = DetailViewController.m; sourceTree = "<group>"; };
		A3B128421CAA18BB005FBCB9 /* Base */ = {isa = PBXFileReference; lastKnownFileType = file.storyboard; name = Base; path = Base.lproj/Main.storyboard; sourceTree = "<group>"; };
		A3B128441CAA18BB005FBCB9 /* Assets.xcassets */ = {isa = PBXFileReference; lastKnownFileType = folder.assetcatalog; path = Assets.xcassets; sourceTree = "<group>"; };
		A3B128471CAA18BB005FBCB9 /* Base */ = {isa = PBXFileReference; lastKnownFileType = file.storyboard; name = Base; path = Base.lproj/LaunchScreen.storyboard; sourceTree = "<group>"; };
		A3B128491CAA18BB005FBCB9 /* Info.plist */ = {isa = PBXFileReference; lastKnownFileType = text.plist.xml; path = Info.plist; sourceTree = "<group>"; };
		A3B1284E1CAA18BC005FBCB9 /* mobile_testUITests.xctest */ = {isa = PBXFileReference; explicitFileType = wrapper.cfbundle; includeInIndex = 0; path = mobile_testUITests.xctest; sourceTree = BUILT_PRODUCTS_DIR; };
		A3B128521CAA18BC005FBCB9 /* mobile_testUITests.m */ = {isa = PBXFileReference; lastKnownFileType = sourcecode.c.objc; path = mobile_testUITests.m; sourceTree = "<group>"; };
		A3B128541CAA18BC005FBCB9 /* Info.plist */ = {isa = PBXFileReference; lastKnownFileType = text.plist.xml; path = Info.plist; sourceTree = "<group>"; };
/* End PBXFileReference section */

/* Begin PBXFrameworksBuildPhase section */
		A3B1282F1CAA18BB005FBCB9 /* Frameworks */ = {
			isa = PBXFrameworksBuildPhase;
			buildActionMask = 2147483647;
			files = (
			);
			runOnlyForDeploymentPostprocessing = 0;
		};
		A3B1284B1CAA18BC005FBCB9 /* Frameworks */ = {
			isa = PBXFrameworksBuildPhase;
			buildActionMask = 2147483647;
			files = (
			);
			runOnlyForDeploymentPostprocessing = 0;
		};
/* End PBXFrameworksBuildPhase section */

/* Begin PBXGroup section */
		A3B128291CAA18BB005FBCB9 = {
			isa = PBXGroup;
			children = (
				A3B128341CAA18BB005FBCB9 /* mobile_test */,
				A3B128511CAA18BC005FBCB9 /* mobile_testUITests */,
				A3B128331CAA18BB005FBCB9 /* Products */,
			);
			sourceTree = "<group>";
		};
		A3B128331CAA18BB005FBCB9 /* Products */ = {
			isa = PBXGroup;
			children = (
				A3B128321CAA18BB005FBCB9 /* mobile_test.app */,
				A3B1284E1CAA18BC005FBCB9 /* mobile_testUITests.xctest */,
			);
			name = Products;
			sourceTree = "<group>";
		};
		A3B128341CAA18BB005FBCB9 /* mobile_test */ = {
			isa = PBXGroup;
			children = (
				A3B128381CAA18BB005FBCB9 /* AppDelegate.h */,
				A3B128391CAA18BB005FBCB9 /* AppDelegate.m */,
				A3B1283B1CAA18BB005FBCB9 /* MasterViewController.h */,
				A3B1283C1CAA18BB005FBCB9 /* MasterViewController.m */,
				A3B1283E1CAA18BB005FBCB9 /* DetailViewController.h */,
				A3B1283F1CAA18BB005FBCB9 /* DetailViewController.m */,
				A3B128411CAA18BB005FBCB9 /* Main.storyboard */,
				A3B128441CAA18BB005FBCB9 /* Assets.xcassets */,
				A3B128461CAA18BB005FBCB9 /* LaunchScreen.storyboard */,
				A3B128491CAA18BB005FBCB9 /* Info.plist */,
				A3B128351CAA18BB005FBCB9 /* Supporting Files */,
			);
			path = mobile_test;
			sourceTree = "<group>";
		};
		A3B128351CAA18BB005FBCB9 /* Supporting Files */ = {
			isa = PBXGroup;
			children = (
				A3B128361CAA18BB005FBCB9 /* main.m */,
			);
			name = "Supporting Files";
			sourceTree = "<group>";
		};
		A3B128511CAA18BC005FBCB9 /* mobile_testUITests */ = {
			isa = PBXGroup;
			children = (
				A3B128521CAA18BC005FBCB9 /* mobile_testUITests.m */,
				A3B128541CAA18BC005FBCB9 /* Info.plist */,
			);
			path = mobile_testUITests;
			sourceTree = "<group>";
		};
/* End PBXGroup section */

/* Begin PBXNativeTarget section */
		A3B128311CAA18BB005FBCB9 /* mobile_test */ = {
			isa = PBXNativeTarget;
			buildConfigurationList = A3B128571CAA18BC005FBCB9 /* Build configuration list for PBXNativeTarget "mobile_test" */;
			buildPhases = (
				A3B1282E1CAA18BB005FBCB9 /* Sources */,
				A3B1282F1CAA18BB005FBCB9 /* Frameworks */,
				A3B128301CAA18BB005FBCB9 /* Resources */,
			);
			buildRules = (
			);
			dependencies = (
			);
			name = mobile_test;
			productName = mobile_test;
			productReference = A3B128321CAA18BB005FBCB9 /* mobile_test.app */;
			productType = "com.apple.product-type.application";
		};
		A3B1284D1CAA18BC005FBCB9 /* mobile_testUITests */ = {
			isa = PBXNativeTarget;
			buildConfigurationList = A3B1285A1CAA18BC005FBCB9 /* Build configuration list for PBXNativeTarget "mobile_testUITests" */;
			buildPhases = (
				A3B1284A1CAA18BC005FBCB9 /* Sources */,
				A3B1284B1CAA18BC005FBCB9 /* Frameworks */,
				A3B1284C1CAA18BC005FBCB9 /* Resources */,
			);
			buildRules = (
			);
			dependencies = (
				A3B128501CAA18BC005FBCB9 /* PBXTargetDependency */,
			);
			name = mobile_testUITests;
			productName = mobile_testUITests;
			productReference = A3B1284E1CAA18BC005FBCB9 /* mobile_testUITests.xctest */;
			productType = "com.apple.product-type.bundle.ui-testing";
		};
/* End PBXNativeTarget section */

/* Begin PBXProject section */
		A3B1282A1CAA18BB005FBCB9 /* Project object */ = {
			isa = PBXProject;
			attributes = {
				LastUpgradeCheck = 0730;
				ORGANIZATIONNAME = KMK;
				TargetAttributes = {
					A3B128311CAA18BB005FBCB9 = {
						CreatedOnToolsVersion = 7.3;
					};
					A3B1284D1CAA18BC005FBCB9 = {
						CreatedOnToolsVersion = 7.3;
						TestTargetID = A3B128311CAA18BB005FBCB9;
					};
				};
			};
			buildConfigurationList = A3B1282D1CAA18BB005FBCB9 /* Build configuration list for PBXProject "mobile_test" */;
			compatibilityVersion = "Xcode 3.2";
			developmentRegion = English;
			hasScannedForEncodings = 0;
			knownRegions = (
				en,
				Base,
			);
			mainGroup = A3B128291CAA18BB005FBCB9;
			productRefGroup = A3B128331CAA18BB005FBCB9 /* Products */;
			projectDirPath = "";
			projectRoot = "";
			targets = (
				A3B128311CAA18BB005FBCB9 /* mobile_test */,
				A3B1284D1CAA18BC005FBCB9 /* mobile_testUITests */,
			);
		};
/* End PBXProject section */

/* Begin PBXResourcesBuildPhase section */
		A3B128301CAA18BB005FBCB9 /* Resources */ = {
			isa = PBXResourcesBuildPhase;
			buildActionMask = 2147483647;
			files = (
				A3B128481CAA18BB005FBCB9 /* LaunchScreen.storyboard in Resources */,
				A3B128451CAA18BB005FBCB9 /* Assets.xcassets in Resources */,
				A3B128431CAA18BB005FBCB9 /* Main.storyboard in Resources */,
			);
			runOnlyForDeploymentPostprocessing = 0;
		};
		A3B1284C1CAA18BC005FBCB9 /* Resources */ = {
			isa = PBXResourcesBuildPhase;
			buildActionMask = 2147483647;
			files = (
			);
			runOnlyForDeploymentPostprocessing = 0;
		};
/* End PBXResourcesBuildPhase section */

/* Begin PBXSourcesBuildPhase section */
		A3B1282E1CAA18BB005FBCB9 /* Sources */ = {
			isa = PBXSourcesBuildPhase;
			buildActionMask = 2147483647;
			files = (
				A3B1283A1CAA18BB005FBCB9 /* AppDelegate.m in Sources */,
				A3B1283D1CAA18BB005FBCB9 /* MasterViewController.m in Sources */,
				A3B128371CAA18BB005FBCB9 /* main.m in Sources */,
				A3B128401CAA18BB005FBCB9 /* DetailViewController.m in Sources */,
			);
			runOnlyForDeploymentPostprocessing = 0;
		};
		A3B1284A1CAA18BC005FBCB9 /* Sources */ = {
			isa = PBXSourcesBuildPhase;
			buildActionMask = 2147483647;
			files = (
				A3B128531CAA18BC005FBCB9 /* mobile_testUITests.m in Sources */,
			);
			runOnlyForDeploymentPostprocessing = 0;
		};
/* End PBXSourcesBuildPhase section */

/* Begin PBXTargetDependency section */
		A3B128501CAA18BC005FBCB9 /* PBXTargetDependency */ = {
			isa = PBXTargetDependency;
			target = A3B128311CAA18BB005FBCB9 /* mobile_test */;
			targetProxy = A3B1284F1CAA18BC005FBCB9 /* PBXContainerItemProxy */;
		};
/* End PBXTargetDependency section */

/* Begin PBXVariantGroup section */
		A3B128411CAA18BB005FBCB9 /* Main.storyboard */ = {
			isa = PBXVariantGroup;
			children = (
				A3B128421CAA18BB005FBCB9 /* Base */,
			);
			name = Main.storyboard;
			sourceTree = "<group>";
		};
		A3B128461CAA18BB005FBCB9 /* LaunchScreen.storyboard */ = {
			isa = PBXVariantGroup;
			children = (
				A3B128471CAA18BB005FBCB9 /* Base */,
			);
			name = LaunchScreen.storyboard;
			sourceTree = "<group>";
		};
/* End PBXVariantGroup section */

/* Begin XCBuildConfiguration section */
		A3B128551CAA18BC005FBCB9 /* Debug */ = {
			isa = XCBuildConfiguration;
			buildSettings = {
				ALWAYS_SEARCH_USER_PATHS = NO;
				CLANG_ANALYZER_NONNULL = YES;
				CLANG_CXX_LANGUAGE_STANDARD = "gnu++0x";
				CLANG_CXX_LIBRARY = "libc++";
				CLANG_ENABLE_MODULES = YES;
				CLANG_ENABLE_OBJC_ARC = YES;
				CLANG_WARN_BOOL_CONVERSION = YES;
				CLANG_WARN_CONSTANT_CONVERSION = YES;
				CLANG_WARN_DIRECT_OBJC_ISA_USAGE = YES_ERROR;
				CLANG_WARN_EMPTY_BODY = YES;
				CLANG_WARN_ENUM_CONVERSION = YES;
				CLANG_WARN_INT_CONVERSION = YES;
				CLANG_WARN_OBJC_ROOT_CLASS = YES_ERROR;
				CLANG_WARN_UNREACHABLE_CODE = YES;
				CLANG_WARN__DUPLICATE_METHOD_MATCH = YES;
				"CODE_SIGN_IDENTITY[sdk=iphoneos*]" = "iPhone Developer";
				COPY_PHASE_STRIP = NO;
				DEBUG_INFORMATION_FORMAT = dwarf;
				ENABLE_STRICT_OBJC_MSGSEND = YES;
				ENABLE_TESTABILITY = YES;
				GCC_C_LANGUAGE_STANDARD = gnu99;
				GCC_DYNAMIC_NO_PIC = NO;
				GCC_NO_COMMON_BLOCKS = YES;
				GCC_OPTIMIZATION_LEVEL = 0;
				GCC_PREPROCESSOR_DEFINITIONS = (
					"DEBUG=1",
					"$(inherited)",
				);
				GCC_WARN_64_TO_32_BIT_CONVERSION = YES;
				GCC_WARN_ABOUT_RETURN_TYPE = YES_ERROR;
				GCC_WARN_UNDECLARED_SELECTOR = YES;
				GCC_WARN_UNINITIALIZED_AUTOS = YES_AGGRESSIVE;
				GCC_WARN_UNUSED_FUNCTION = YES;
				GCC_WARN_UNUSED_VARIABLE = YES;
				IPHONEOS_DEPLOYMENT_TARGET = 9.3;
				MTL_ENABLE_DEBUG_INFO = YES;
				ONLY_ACTIVE_ARCH = YES;
				SDKROOT = iphoneos;
			};
			name = Debug;
		};
		A3B128561CAA18BC005FBCB9 /* Release */ = {
			isa = XCBuildConfiguration;
			buildSettings = {
				ALWAYS_SEARCH_USER_PATHS = NO;
				CLANG_ANALYZER_NONNULL = YES;
				CLANG_CXX_LANGUAGE_STANDARD = "gnu++0x";
				CLANG_CXX_LIBRARY = "libc++";
				CLANG_ENABLE_MODULES = YES;
				CLANG_ENABLE_OBJC_ARC = YES;
				CLANG_WARN_BOOL_CONVERSION = YES;
				CLANG_WARN_CONSTANT_CONVERSION = YES;
				CLANG_WARN_DIRECT_OBJC_ISA_USAGE = YES_ERROR;
				CLANG_WARN_EMPTY_BODY = YES;
				CLANG_WARN_ENUM_CONVERSION = YES;
				CLANG_WARN_INT_CONVERSION = YES;
				CLANG_WARN_OBJC_ROOT_CLASS = YES_ERROR;
				CLANG_WARN_UNREACHABLE_CODE = YES;
				CLANG_WARN__DUPLICATE_METHOD_MATCH = YES;
				"CODE_SIGN_IDENTITY[sdk=iphoneos*]" = "iPhone Developer";
				COPY_PHASE_STRIP = NO;
				DEBUG_INFORMATION_FORMAT = "dwarf-with-dsym";
				ENABLE_NS_ASSERTIONS = NO;
				ENABLE_STRICT_OBJC_MSGSEND = YES;
				GCC_C_LANGUAGE_STANDARD = gnu99;
				GCC_NO_COMMON_BLOCKS = YES;
				GCC_WARN_64_TO_32_BIT_CONVERSION = YES;
				GCC_WARN_ABOUT_RETURN_TYPE = YES_ERROR;
				GCC_WARN_UNDECLARED_SELECTOR = YES;
				GCC_WARN_UNINITIALIZED_AUTOS = YES_AGGRESSIVE;
				GCC_WARN_UNUSED_FUNCTION = YES;
				GCC_WARN_UNUSED_VARIABLE = YES;
				IPHONEOS_DEPLOYMENT_TARGET = 9.3;
				MTL_ENABLE_DEBUG_INFO = NO;
				SDKROOT = iphoneos;
				VALIDATE_PRODUCT = YES;
			};
			name = Release;
		};
		A3B128581CAA18BC005FBCB9 /* Debug */ = {
			isa = XCBuildConfiguration;
			buildSettings = {
				ASSETCATALOG_COMPILER_APPICON_NAME = AppIcon;
				INFOPLIST_FILE = mobile_test/Info.plist;
				LD_RUNPATH_SEARCH_PATHS = "$(inherited) @executable_path/Frameworks";
				PRODUCT_BUNDLE_IDENTIFIER = "mobile.mobile-test";
				PRODUCT_NAME = "$(TARGET_NAME)";
			};
			name = Debug;
		};
		A3B128591CAA18BC005FBCB9 /* Release */ = {
			isa = XCBuildConfiguration;
			buildSettings = {
				ASSETCATALOG_COMPILER_APPICON_NAME = AppIcon;
				INFOPLIST_FILE = mobile_test/Info.plist;
				LD_RUNPATH_SEARCH_PATHS = "$(inherited) @executable_path/Frameworks";
				PRODUCT_BUNDLE_IDENTIFIER = "mobile.mobile-test";
				PRODUCT_NAME = "$(TARGET_NAME)";
			};
			name = Release;
		};
		A3B1285B1CAA18BC005FBCB9 /* Debug */ = {
			isa = XCBuildConfiguration;
			buildSettings = {
				INFOPLIST_FILE = mobile_testUITests/Info.plist;
				LD_RUNPATH_SEARCH_PATHS = "$(inherited) @executable_path/Frameworks @loader_path/Frameworks";
				PRODUCT_BUNDLE_IDENTIFIER = "mobile.mobile-testUITests";
				PRODUCT_NAME = "$(TARGET_NAME)";
				TEST_TARGET_NAME = mobile_test;
			};
			name = Debug;
		};
		A3B1285C1CAA18BC005FBCB9 /* Release */ = {
			isa = XCBuildConfiguration;
			buildSettings = {
				INFOPLIST_FILE = mobile_testUITests/Info.plist;
				LD_RUNPATH_SEARCH_PATHS = "$(inherited) @executable_path/Frameworks @loader_path/Frameworks";
				PRODUCT_BUNDLE_IDENTIFIER = "mobile.mobile-testUITests";
				PRODUCT_NAME = "$(TARGET_NAME)";
				TEST_TARGET_NAME = mobile_test;
			};
			name = Release;
		};
/* End XCBuildConfiguration section */

/* Begin XCConfigurationList section */
		A3B1282D1CAA18BB005FBCB9 /* Build configuration list for PBXProject "mobile_test" */ = {
			isa = XCConfigurationList;
			buildConfigurations = (
				A3B128551CAA18BC005FBCB9 /* Debug */,
				A3B128561CAA18BC005FBCB9 /* Release */,
			);
			defaultConfigurationIsVisible = 0;
			defaultConfigurationName = Release;
		};
		A3B128571CAA18BC005FBCB9 /* Build configuration list for PBXNativeTarget "mobile_test" */ = {
			isa = XCConfigurationList;
			buildConfigurations = (
				A3B128581CAA18BC005FBCB9 /* Debug */,
				A3B128591CAA18BC005FBCB9 /* Release */,
			);
			defaultConfigurationIsVisible = 0;
		};
		A3B1285A1CAA18BC005FBCB9 /* Build configuration list for PBXNativeTarget "mobile_testUITests" */ = {
			isa = XCConfigurationList;
			buildConfigurations = (
				A3B1285B1CAA18BC005FBCB9 /* Debug */,
				A3B1285C1CAA18BC005FBCB9 /* Release */,
			);
			defaultConfigurationIsVisible = 0;
		};
/* End XCConfigurationList section */
	};
	rootObject = A3B1282A1CAA18BB005FBCB9 /* Project object */;
}
